
Microsoft Visual Studio Solution File, Format Version 12.00
# Visual Studio Version 16
VisualStudioVersion = 16.0.28407.52
MinimumVisualStudioVersion = 10.0.40219.1
Project("{9A19103F-16F7-4668-BE54-9A1E7A4F7556}") = "MopBotTwo", "MopBotTwo.csproj", "{18311900-C128-4773-83A6-D97D3B85CF7A}"
EndProject
Global
	GlobalSection(SolutionConfigurationPlatforms) = preSolution
		Debug|Any CPU = Debug|Any CPU
		Debug|x64 = Debug|x64
		Release|Any CPU = Release|Any CPU
		Release|x64 = Release|x64
	EndGlobalSection
	GlobalSection(ProjectConfigurationPlatforms) = postSolution
		{18311900-C128-4773-83A6-D97D3B85CF7A}.Debug|Any CPU.ActiveCfg = Debug|Any CPU
		{18311900-C128-4773-83A6-D97D3B85CF7A}.Debug|Any CPU.Build.0 = Debug|Any CPU
		{18311900-C128-4773-83A6-D97D3B85CF7A}.Debug|x64.ActiveCfg = Debug|x64
		{18311900-C128-4773-83A6-D97D3B85CF7A}.Debug|x64.Build.0 = Debug|x64
		{18311900-C128-4773-83A6-D97D3B85CF7A}.Release|Any CPU.ActiveCfg = Release|Any CPU
		{18311900-C128-4773-83A6-D97D3B85CF7A}.Release|Any CPU.Build.0 = Release|Any CPU
		{18311900-C128-4773-83A6-D97D3B85CF7A}.Release|x64.ActiveCfg = Release|x64
		{18311900-C128-4773-83A6-D97D3B85CF7A}.Release|x64.Build.0 = Release|x64
	EndGlobalSection
	GlobalSection(SolutionProperties) = preSolution
		HideSolutionNode = FALSE
	EndGlobalSection
	GlobalSection(ExtensibilityGlobals) = postSolution
		SolutionGuid = {67FBFD6F-1681-4B4A-9D9F-A92D697C17BD}
	EndGlobalSection
EndGlobal
